
Microsoft Visual Studio Solution File, Format Version 12.00
# Visual Studio 15
VisualStudioVersion = 15.0.28307.1082
MinimumVisualStudioVersion = 10.0.40219.1
Project("{FAE04EC0-301F-11D3-BF4B-00C04F79EFBC}") = "00_成员的访问权限", "第九天代码\00_成员的访问权限.csproj", "{86CF493E-57F3-4123-B5B4-5A36D3A2DB0E}"
EndProject
Project("{FAE04EC0-301F-11D3-BF4B-00C04F79EFBC}") = "01_调用测试程序", "01_调用测试程序\01_调用测试程序.csproj", "{CEBB454E-B326-4DAA-A306-052E1A0824EA}"
EndProject
Project("{FAE04EC0-301F-11D3-BF4B-00C04F79EFBC}") = "03_索引器", "03_索引器\03_索引器.csproj", "{C054C147-A99E-4D6A-8896-1CB7AC8170D0}"
EndProject
Project("{FAE04EC0-301F-11D3-BF4B-00C04F79EFBC}") = "04_嵌套类", "04_嵌套类\04_嵌套类.csproj", "{B2A32FDA-3400-43CD-827A-C0A784FBC3AB}"
EndProject
Global
	GlobalSection(SolutionConfigurationPlatforms) = preSolution
		Debug|Any CPU = Debug|Any CPU
		Release|Any CPU = Release|Any CPU
	EndGlobalSection
	GlobalSection(ProjectConfigurationPlatforms) = postSolution
		{86CF493E-57F3-4123-B5B4-5A36D3A2DB0E}.Debug|Any CPU.ActiveCfg = Debug|Any CPU
		{86CF493E-57F3-4123-B5B4-5A36D3A2DB0E}.Debug|Any CPU.Build.0 = Debug|Any CPU
		{86CF493E-57F3-4123-B5B4-5A36D3A2DB0E}.Release|Any CPU.ActiveCfg = Release|Any CPU
		{86CF493E-57F3-4123-B5B4-5A36D3A2DB0E}.Release|Any CPU.Build.0 = Release|Any CPU
		{CEBB454E-B326-4DAA-A306-052E1A0824EA}.Debug|Any CPU.ActiveCfg = Debug|Any CPU
		{CEBB454E-B326-4DAA-A306-052E1A0824EA}.Debug|Any CPU.Build.0 = Debug|Any CPU
		{CEBB454E-B326-4DAA-A306-052E1A0824EA}.Release|Any CPU.ActiveCfg = Release|Any CPU
		{CEBB454E-B326-4DAA-A306-052E1A0824EA}.Release|Any CPU.Build.0 = Release|Any CPU
		{C054C147-A99E-4D6A-8896-1CB7AC8170D0}.Debug|Any CPU.ActiveCfg = Debug|Any CPU
		{C054C147-A99E-4D6A-8896-1CB7AC8170D0}.Debug|Any CPU.Build.0 = Debug|Any CPU
		{C054C147-A99E-4D6A-8896-1CB7AC8170D0}.Release|Any CPU.ActiveCfg = Release|Any CPU
		{C054C147-A99E-4D6A-8896-1CB7AC8170D0}.Release|Any CPU.Build.0 = Release|Any CPU
		{B2A32FDA-3400-43CD-827A-C0A784FBC3AB}.Debug|Any CPU.ActiveCfg = Debug|Any CPU
		{B2A32FDA-3400-43CD-827A-C0A784FBC3AB}.Debug|Any CPU.Build.0 = Debug|Any CPU
		{B2A32FDA-3400-43CD-827A-C0A784FBC3AB}.Release|Any CPU.ActiveCfg = Release|Any CPU
		{B2A32FDA-3400-43CD-827A-C0A784FBC3AB}.Release|Any CPU.Build.0 = Release|Any CPU
	EndGlobalSection
	GlobalSection(SolutionProperties) = preSolution
		HideSolutionNode = FALSE
	EndGlobalSection
	GlobalSection(ExtensibilityGlobals) = postSolution
		SolutionGuid = {3C8F52EF-2CDC-4DEA-9180-23597F218857}
	EndGlobalSection
EndGlobal
